%{"cowboy": {:hex, :cowboy, "1.1.2", "61ac29ea970389a88eca5a65601460162d370a70018afe6f949a29dca91f3bb0", [:rebar3], [{:cowlib, "~> 1.0.2", [hex: :cowlib, repo: "hexpm", optional: false]}, {:ranch, "~> 1.3.2", [hex: :ranch, repo: "hexpm", optional: false]}], "hexpm"},
  "cowlib": {:hex, :cowlib, "1.0.2", "9d769a1d062c9c3ac753096f868ca121e2730b9a377de23dec0f7e08b1df84ee", [:make], [], "hexpm"},
  "dns": {:git, "https://github.com/mobileoverlord/elixir-dns.git", "3db4662cd79148f31b7b93712423b8316b32b105", [branch: "v0.1.0"]},
  "elixir_make": {:hex, :elixir_make, "0.4.0", "992f38fabe705bb45821a728f20914c554b276838433349d4f2341f7a687cddf", [:mix], [], "hexpm"},
  "exjsx": {:hex, :exjsx, "4.0.0", "60548841e0212df401e38e63c0078ec57b33e7ea49b032c796ccad8cde794b5c", [:mix], [{:jsx, "~> 2.8.0", [hex: :jsx, repo: "hexpm", optional: false]}], "hexpm"},
  "jsx": {:hex, :jsx, "2.8.2", "7acc7d785b5abe8a6e9adbde926a24e481f29956dd8b4df49e3e4e7bcc92a018", [:mix, :rebar3], [], "hexpm"},
  "mdns": {:git, "https://github.com/mobileoverlord/mdns.git", "b738ac0861371c894196ab17a14a0cb34d23767e", [branch: "linklocal"]},
  "nerves_firmware": {:hex, :nerves_firmware, "0.4.0", "ac2fed915a7ca4bb69f567d9b742d77cffc3a6a56420ce65e870c8c34119b935", [:mix], [], "hexpm"},
  "nerves_firmware_http": {:git, "https://github.com/nerves-project/nerves_firmware_http.git", "6d2e2bdceeb11408795ed1b30d67797c76c86209", []},
  "nerves_network": {:git, "https://github.com/nerves-project/nerves_network.git", "d7c6a83ea05759249f9006965bbc00d91621188e", []},
  "nerves_network_interface": {:hex, :nerves_network_interface, "0.4.0", "a8e7662cd56fb4fe9060c891d35c43bbbff692ee6fd2d5efd538717da0cd96b8", [:make, :mix], [{:elixir_make, "~> 0.3", [hex: :elixir_make, repo: "hexpm", optional: false]}], "hexpm"},
  "nerves_runtime": {:hex, :nerves_runtime, "0.3.1", "3eddfde56066892d968bf6102439ee33c12c97a03f6baf5ed43a385757f50d57", [:make, :mix], [{:elixir_make, "~> 0.4", [hex: :elixir_make, repo: "hexpm", optional: false]}, {:system_registry, "~> 0.3.0", [hex: :system_registry, repo: "hexpm", optional: false]}], "hexpm"},
  "nerves_wpa_supplicant": {:hex, :nerves_wpa_supplicant, "0.3.0", "dfda748df2662e1e9e95df6662c3a512d371ef23359b2c090b9c8c884b236a3d", [:make, :mix], [{:elixir_make, "~> 0.3", [hex: :elixir_make, repo: "hexpm", optional: false]}], "hexpm"},
  "ranch": {:hex, :ranch, "1.3.2", "e4965a144dc9fbe70e5c077c65e73c57165416a901bd02ea899cfd95aa890986", [:rebar3], [], "hexpm"},
  "socket": {:hex, :socket, "0.3.12", "4a6543815136503fee67eff0932da1742fad83f84c49130c854114153cc549a6", [:mix], [], "hexpm"},
  "system_registry": {:hex, :system_registry, "0.3.0", "31a748d0445984622359b901f2b4cdcd25457eeee9be881310590e3cd553f017", [:mix], [], "hexpm"}}
