%{"dns": {:hex, :dns, "1.0.1", "1d88187fdf564d937cee202949141090707fd0c9d7fcae903a6878ef24ef5d1e", [:mix], [{:socket, "~> 0.3.12", [hex: :socket, repo: "hexpm", optional: false]}], "hexpm"},
  "earmark": {:hex, :earmark, "1.2.3", "206eb2e2ac1a794aa5256f3982de7a76bf4579ff91cb28d0e17ea2c9491e46a4", [:mix], [], "hexpm"},
  "elixir_make": {:hex, :elixir_make, "0.4.0", "992f38fabe705bb45821a728f20914c554b276838433349d4f2341f7a687cddf", [:mix], [], "hexpm"},
  "ex_doc": {:hex, :ex_doc, "0.16.3", "cd2a4cfe5d26e37502d3ec776702c72efa1adfa24ed9ce723bb565f4c30bd31a", [:mix], [{:earmark, "~> 1.1", [hex: :earmark, repo: "hexpm", optional: false]}], "hexpm"},
  "mdns": {:hex, :mdns, "0.1.6", "b51b902b15b50e0e1522483c6a5fb073413e3d3d6ef52a44b93a541460b47d29", [:mix], [{:dns, "~> 1.0", [hex: :dns, repo: "hexpm", optional: false]}], "hexpm"},
  "nerves_firmware_ssh": {:hex, :nerves_firmware_ssh, "0.2.2", "a876f4e44ccc02606b923d7097b64dc7793384d716583cfca756b7f0dff9d441", [:mix], [{:nerves_runtime, "~> 0.4", [hex: :nerves_runtime, repo: "hexpm", optional: false]}], "hexpm"},
  "nerves_network": {:hex, :nerves_network, "0.3.3", "53951ac247082a9b3fd94df171ca20859d05e31d48c82bea2815d212a0938c43", [:make, :mix], [{:elixir_make, "~> 0.4", [hex: :elixir_make, repo: "hexpm", optional: false]}, {:nerves_network_interface, "~> 0.4.0", [hex: :nerves_network_interface, repo: "hexpm", optional: false]}, {:nerves_wpa_supplicant, "~> 0.3.0", [hex: :nerves_wpa_supplicant, repo: "hexpm", optional: false]}, {:system_registry, "~> 0.4", [hex: :system_registry, repo: "hexpm", optional: false]}], "hexpm"},
  "nerves_network_interface": {:hex, :nerves_network_interface, "0.4.2", "7a3663a07803f2f9f1e37146714d24ccec1e9349268586e4ed8c41f38641d837", [:make, :mix], [{:elixir_make, "~> 0.4", [hex: :elixir_make, repo: "hexpm", optional: false]}], "hexpm"},
  "nerves_runtime": {:hex, :nerves_runtime, "0.4.3", "e99a0744a29d8a2a9821d2489a7b9d072a29669df320e6addfdd2e54a96820d3", [:make, :mix], [{:elixir_make, "~> 0.4", [hex: :elixir_make, repo: "hexpm", optional: false]}, {:system_registry, "~> 0.5", [hex: :system_registry, repo: "hexpm", optional: false]}], "hexpm"},
  "nerves_wpa_supplicant": {:hex, :nerves_wpa_supplicant, "0.3.2", "19dc7e1248336e7f542b11b2b857ceb5b088d3eb41a6ca75b7b76628dcf67aad", [:make, :mix], [{:elixir_make, "~> 0.3", [hex: :elixir_make, repo: "hexpm", optional: false]}], "hexpm"},
  "socket": {:hex, :socket, "0.3.12", "4a6543815136503fee67eff0932da1742fad83f84c49130c854114153cc549a6", [:mix], [], "hexpm"},
  "system_registry": {:hex, :system_registry, "0.5.0", "f0b769e699cc072f036d3b1c4fd8ab0ec5ad3aa0bb02919ebad80cf92641bbfd", [:mix], [], "hexpm"}}
